# THIS IS AN AUTOGENERATED FILE. DO NOT EDIT THIS FILE DIRECTLY.
# yarn lockfile v1


"@glimmer/bundle-compiler@^0.29.7":
  version "0.29.7"
  resolved "https://registry.yarnpkg.com/@glimmer/bundle-compiler/-/bundle-compiler-0.29.7.tgz#fdd1aa9083020ae81e06433e30c5fcd608d8b4e9"
  dependencies:
    "@glimmer/compiler" "^0.29.7"
    "@glimmer/interfaces" "^0.29.7"
    "@glimmer/opcode-compiler" "^0.29.7"
    "@glimmer/program" "^0.29.7"
    "@glimmer/syntax" "^0.29.7"
    "@glimmer/util" "^0.29.7"
    "@glimmer/wire-format" "^0.29.7"
    simple-html-tokenizer "^0.4.1"

"@glimmer/compiler@^0.29.7":
  version "0.29.7"
  resolved "https://registry.yarnpkg.com/@glimmer/compiler/-/compiler-0.29.7.tgz#42f14d29cc37de6c79dce4b8aab4a7a44a44847e"
  dependencies:
    "@glimmer/interfaces" "^0.29.7"
    "@glimmer/syntax" "^0.29.7"
    "@glimmer/util" "^0.29.7"
    "@glimmer/wire-format" "^0.29.7"
    simple-html-tokenizer "^0.4.1"

"@glimmer/di@^0.1.9":
  version "0.1.11"
  resolved "https://registry.yarnpkg.com/@glimmer/di/-/di-0.1.11.tgz#a6878c07a13a2c2c76fcde598a5c97637bfc4280"

"@glimmer/di@^0.2.0":
  version "0.2.0"
  resolved "https://registry.yarnpkg.com/@glimmer/di/-/di-0.2.0.tgz#73bfd4a6ee4148a80bf092e8a5d29bcac9d4ce7e"

"@glimmer/encoder@^0.29.7":
  version "0.29.7"
  resolved "https://registry.yarnpkg.com/@glimmer/encoder/-/encoder-0.29.7.tgz#c8a5184bca53423a0f5f07386f2760f0236b51ab"

"@glimmer/env@^0.1.7":
  version "0.1.7"
  resolved "https://registry.yarnpkg.com/@glimmer/env/-/env-0.1.7.tgz#fd2d2b55a9029c6b37a6c935e8c8871ae70dfa07"

"@glimmer/interfaces@^0.29.7":
  version "0.29.7"
  resolved "https://registry.yarnpkg.com/@glimmer/interfaces/-/interfaces-0.29.7.tgz#e63e37f95a8ff27019105220ec4c844ebb080449"
  dependencies:
    "@glimmer/wire-format" "^0.29.7"

"@glimmer/node@^0.29.7":
  version "0.29.7"
  resolved "https://registry.yarnpkg.com/@glimmer/node/-/node-0.29.7.tgz#d0a22aaa03b7ea43dc2c93cf68ddfc36819170a8"
  dependencies:
    "@glimmer/compiler" "^0.29.7"
    "@glimmer/interfaces" "^0.29.7"
    "@glimmer/object-reference" "^0.29.7"
    "@glimmer/runtime" "^0.29.7"
    simple-dom "^0.3.0"

"@glimmer/object-reference@^0.29.7":
  version "0.29.7"
  resolved "https://registry.yarnpkg.com/@glimmer/object-reference/-/object-reference-0.29.7.tgz#417e49b1bee4728efef8870e0e863c44990ed3f1"
  dependencies:
    "@glimmer/reference" "^0.29.7"
    "@glimmer/util" "^0.29.7"

"@glimmer/object@^0.29.7":
  version "0.29.7"
  resolved "https://registry.yarnpkg.com/@glimmer/object/-/object-0.29.7.tgz#43817d9cfce503467fe9cdd28dd9faf58114936a"
  dependencies:
    "@glimmer/object-reference" "^0.29.7"
    "@glimmer/util" "^0.29.7"

"@glimmer/opcode-compiler@^0.29.7":
  version "0.29.7"
  resolved "https://registry.yarnpkg.com/@glimmer/opcode-compiler/-/opcode-compiler-0.29.7.tgz#7d9365ca341d12b87f0209ce3f0c7e66e403eeba"
  dependencies:
    "@glimmer/encoder" "^0.29.7"
    "@glimmer/interfaces" "^0.29.7"
    "@glimmer/program" "^0.29.7"
    "@glimmer/syntax" "^0.29.7"
    "@glimmer/util" "^0.29.7"
    "@glimmer/vm" "^0.29.7"
    "@glimmer/wire-format" "^0.29.7"
    simple-html-tokenizer "^0.4.1"

"@glimmer/program@^0.29.7":
  version "0.29.7"
  resolved "https://registry.yarnpkg.com/@glimmer/program/-/program-0.29.7.tgz#0852a590debad59d36b96785053ba4f9273ec0e6"
  dependencies:
    "@glimmer/encoder" "^0.29.7"
    "@glimmer/interfaces" "^0.29.7"
    "@glimmer/util" "^0.29.7"

"@glimmer/reference@^0.29.7":
  version "0.29.7"
  resolved "https://registry.yarnpkg.com/@glimmer/reference/-/reference-0.29.7.tgz#dbeb7466f5e5340c7b342cc7fa2081d077e46115"
  dependencies:
    "@glimmer/util" "^0.29.7"

"@glimmer/resolver@^0.3.0":
  version "0.3.1"
  resolved "https://registry.yarnpkg.com/@glimmer/resolver/-/resolver-0.3.1.tgz#41069345b6f41beb0948cc35d8e4aa60adcadfc5"
  dependencies:
    "@glimmer/di" "^0.2.0"

"@glimmer/runtime@^0.29.7":
  version "0.29.7"
  resolved "https://registry.yarnpkg.com/@glimmer/runtime/-/runtime-0.29.7.tgz#6260d78c3098d913490df497287875eea94fc577"
  dependencies:
    "@glimmer/interfaces" "^0.29.7"
    "@glimmer/object" "^0.29.7"
    "@glimmer/object-reference" "^0.29.7"
    "@glimmer/opcode-compiler" "^0.29.7"
    "@glimmer/program" "^0.29.7"
    "@glimmer/reference" "^0.29.7"
    "@glimmer/util" "^0.29.7"
    "@glimmer/vm" "^0.29.7"
    "@glimmer/wire-format" "^0.29.7"

"@glimmer/syntax@^0.29.7":
  version "0.29.7"
  resolved "https://registry.yarnpkg.com/@glimmer/syntax/-/syntax-0.29.7.tgz#6b5754d1e5c842265affff8f0ff957453fda7f98"
  dependencies:
    "@glimmer/interfaces" "^0.29.7"
    "@glimmer/util" "^0.29.7"
    handlebars "^4.0.6"
    simple-html-tokenizer "^0.4.1"

"@glimmer/test-helpers@^0.29.7":
  version "0.29.7"
  resolved "https://registry.yarnpkg.com/@glimmer/test-helpers/-/test-helpers-0.29.7.tgz#e6799f09c23b02a505f564c0c61f671647e7d750"
  dependencies:
    "@glimmer/bundle-compiler" "^0.29.7"
    "@glimmer/compiler" "^0.29.7"
    "@glimmer/interfaces" "^0.29.7"
    "@glimmer/node" "^0.29.7"
    "@glimmer/object" "^0.29.7"
    "@glimmer/object-reference" "^0.29.7"
    "@glimmer/opcode-compiler" "^0.29.7"
    "@glimmer/program" "^0.29.7"
    "@glimmer/reference" "^0.29.7"
    "@glimmer/runtime" "^0.29.7"
    "@glimmer/util" "^0.29.7"
    "@glimmer/wire-format" "^0.29.7"
    simple-html-tokenizer "^0.4.1"

"@glimmer/util@^0.29.7":
  version "0.29.7"
  resolved "https://registry.yarnpkg.com/@glimmer/util/-/util-0.29.7.tgz#71ddcef06d425b7ad5c468f8003b73966c27f6a8"

"@glimmer/vm@^0.29.7":
  version "0.29.7"
  resolved "https://registry.yarnpkg.com/@glimmer/vm/-/vm-0.29.7.tgz#fde3ec8536aaa5b71a3c2c443b92127f612644a4"
  dependencies:
    "@glimmer/interfaces" "^0.29.7"
    "@glimmer/program" "^0.29.7"
    "@glimmer/util" "^0.29.7"

"@glimmer/wire-format@^0.29.7":
  version "0.29.7"
  resolved "https://registry.yarnpkg.com/@glimmer/wire-format/-/wire-format-0.29.7.tgz#085a41c3d4fb09b3463b7131a009358c81de3a0e"
  dependencies:
    "@glimmer/util" "^0.29.7"

align-text@^0.1.1, align-text@^0.1.3:
  version "0.1.4"
  resolved "https://registry.yarnpkg.com/align-text/-/align-text-0.1.4.tgz#0cd90a561093f35d0a99256c22b7069433fad117"
  dependencies:
    kind-of "^3.0.2"
    longest "^1.0.1"
    repeat-string "^1.5.2"

amdefine@>=0.0.4:
  version "1.0.1"
  resolved "https://registry.yarnpkg.com/amdefine/-/amdefine-1.0.1.tgz#4a5282ac164729e93619bcfd3ad151f817ce91f5"

async@^1.4.0:
  version "1.5.2"
  resolved "https://registry.yarnpkg.com/async/-/async-1.5.2.tgz#ec6a61ae56480c0c3cb241c95618e20892f9672a"

camelcase@^1.0.2:
  version "1.2.1"
  resolved "https://registry.yarnpkg.com/camelcase/-/camelcase-1.2.1.tgz#9bb5304d2e0b56698b2c758b08a3eaa9daa58a39"

center-align@^0.1.1:
  version "0.1.3"
  resolved "https://registry.yarnpkg.com/center-align/-/center-align-0.1.3.tgz#aa0d32629b6ee972200411cbd4461c907bc2b7ad"
  dependencies:
    align-text "^0.1.3"
    lazy-cache "^1.0.3"

cliui@^2.1.0:
  version "2.1.0"
  resolved "https://registry.yarnpkg.com/cliui/-/cliui-2.1.0.tgz#4b475760ff80264c762c3a1719032e91c7fea0d1"
  dependencies:
    center-align "^0.1.1"
    right-align "^0.1.1"
    wordwrap "0.0.2"

decamelize@^1.0.0:
  version "1.2.0"
  resolved "https://registry.yarnpkg.com/decamelize/-/decamelize-1.2.0.tgz#f6534d15148269b20352e7bee26f501f9a191290"

handlebars@^4.0.6:
  version "4.0.10"
  resolved "https://registry.yarnpkg.com/handlebars/-/handlebars-4.0.10.tgz#3d30c718b09a3d96f23ea4cc1f403c4d3ba9ff4f"
  dependencies:
    async "^1.4.0"
    optimist "^0.6.1"
    source-map "^0.4.4"
  optionalDependencies:
    uglify-js "^2.6"

is-buffer@^1.1.5:
  version "1.1.5"
  resolved "https://registry.yarnpkg.com/is-buffer/-/is-buffer-1.1.5.tgz#1f3b26ef613b214b88cbca23cc6c01d87961eecc"

kind-of@^3.0.2:
  version "3.2.2"
  resolved "https://registry.yarnpkg.com/kind-of/-/kind-of-3.2.2.tgz#31ea21a734bab9bbb0f32466d893aea51e4a3c64"
  dependencies:
    is-buffer "^1.1.5"

lazy-cache@^1.0.3:
  version "1.0.4"
  resolved "https://registry.yarnpkg.com/lazy-cache/-/lazy-cache-1.0.4.tgz#a1d78fc3a50474cb80845d3b3b6e1da49a446e8e"

longest@^1.0.1:
  version "1.0.1"
  resolved "https://registry.yarnpkg.com/longest/-/longest-1.0.1.tgz#30a0b2da38f73770e8294a0d22e6625ed77d0097"

minimist@~0.0.1:
  version "0.0.10"
  resolved "https://registry.yarnpkg.com/minimist/-/minimist-0.0.10.tgz#de3f98543dbf96082be48ad1a0c7cda836301dcf"

optimist@^0.6.1:
  version "0.6.1"
  resolved "https://registry.yarnpkg.com/optimist/-/optimist-0.6.1.tgz#da3ea74686fa21a19a111c326e90eb15a0196686"
  dependencies:
    minimist "~0.0.1"
    wordwrap "~0.0.2"

repeat-string@^1.5.2:
  version "1.6.1"
  resolved "https://registry.yarnpkg.com/repeat-string/-/repeat-string-1.6.1.tgz#8dcae470e1c88abc2d600fff4a776286da75e637"

right-align@^0.1.1:
  version "0.1.3"
  resolved "https://registry.yarnpkg.com/right-align/-/right-align-0.1.3.tgz#61339b722fe6a3515689210d24e14c96148613ef"
  dependencies:
    align-text "^0.1.1"

simple-dom@^0.3.0, simple-dom@^0.3.2:
  version "0.3.2"
  resolved "https://registry.yarnpkg.com/simple-dom/-/simple-dom-0.3.2.tgz#0663d10f1556f1500551d518f56e3aba0871371d"

simple-html-tokenizer@^0.4.1:
  version "0.4.1"
  resolved "https://registry.yarnpkg.com/simple-html-tokenizer/-/simple-html-tokenizer-0.4.1.tgz#028988bb7fe8b2e6645676d82052587d440b02d3"

source-map@^0.4.4:
  version "0.4.4"
  resolved "https://registry.yarnpkg.com/source-map/-/source-map-0.4.4.tgz#eba4f5da9c0dc999de68032d8b4f76173652036b"
  dependencies:
    amdefine ">=0.0.4"

source-map@~0.5.1:
  version "0.5.7"
  resolved "https://registry.yarnpkg.com/source-map/-/source-map-0.5.7.tgz#8a039d2d1021d22d1ea14c80d8ea468ba2ef3fcc"

uglify-js@^2.6:
  version "2.8.29"
  resolved "https://registry.yarnpkg.com/uglify-js/-/uglify-js-2.8.29.tgz#29c5733148057bb4e1f75df35b7a9cb72e6a59dd"
  dependencies:
    source-map "~0.5.1"
    yargs "~3.10.0"
  optionalDependencies:
    uglify-to-browserify "~1.0.0"

uglify-to-browserify@~1.0.0:
  version "1.0.2"
  resolved "https://registry.yarnpkg.com/uglify-to-browserify/-/uglify-to-browserify-1.0.2.tgz#6e0924d6bda6b5afe349e39a6d632850a0f882b7"

window-size@0.1.0:
  version "0.1.0"
  resolved "https://registry.yarnpkg.com/window-size/-/window-size-0.1.0.tgz#5438cd2ea93b202efa3a19fe8887aee7c94f9c9d"

wordwrap@0.0.2:
  version "0.0.2"
  resolved "https://registry.yarnpkg.com/wordwrap/-/wordwrap-0.0.2.tgz#b79669bb42ecb409f83d583cad52ca17eaa1643f"

wordwrap@~0.0.2:
  version "0.0.3"
  resolved "https://registry.yarnpkg.com/wordwrap/-/wordwrap-0.0.3.tgz#a3d5da6cd5c0bc0008d37234bbaf1bed63059107"

yargs@~3.10.0:
  version "3.10.0"
  resolved "https://registry.yarnpkg.com/yargs/-/yargs-3.10.0.tgz#f7ee7bd857dd7c1d2d38c0e74efbd681d1431fd1"
  dependencies:
    camelcase "^1.0.2"
    cliui "^2.1.0"
    decamelize "^1.0.0"
    window-size "0.1.0"
