# THIS IS AN AUTOGENERATED FILE. DO NOT EDIT THIS FILE DIRECTLY.
# yarn lockfile v1


"@glimmer/bundle-compiler@^0.29.8":
  version "0.29.8"
  resolved "https://registry.yarnpkg.com/@glimmer/bundle-compiler/-/bundle-compiler-0.29.8.tgz#918bf8dbf3ff5bfb83da01d9748afd76640fc143"
  dependencies:
    "@glimmer/compiler" "^0.29.8"
    "@glimmer/interfaces" "^0.29.8"
    "@glimmer/opcode-compiler" "^0.29.8"
    "@glimmer/program" "^0.29.8"
    "@glimmer/syntax" "^0.29.8"
    "@glimmer/util" "^0.29.8"
    "@glimmer/wire-format" "^0.29.8"
    simple-html-tokenizer "^0.4.1"

"@glimmer/compiler@^0.29.8":
  version "0.29.8"
  resolved "https://registry.yarnpkg.com/@glimmer/compiler/-/compiler-0.29.8.tgz#1a2311ac24eba5b49310889b0827d28e24da38d8"
  dependencies:
    "@glimmer/interfaces" "^0.29.8"
    "@glimmer/syntax" "^0.29.8"
    "@glimmer/util" "^0.29.8"
    "@glimmer/wire-format" "^0.29.8"
    simple-html-tokenizer "^0.4.1"

"@glimmer/di@^0.2.0":
  version "0.2.0"
  resolved "https://registry.yarnpkg.com/@glimmer/di/-/di-0.2.0.tgz#73bfd4a6ee4148a80bf092e8a5d29bcac9d4ce7e"

"@glimmer/encoder@^0.29.8":
  version "0.29.8"
  resolved "https://registry.yarnpkg.com/@glimmer/encoder/-/encoder-0.29.8.tgz#bbd6657928144dca5622754a4c810137d21c8351"

"@glimmer/interfaces@^0.29.8":
  version "0.29.8"
  resolved "https://registry.yarnpkg.com/@glimmer/interfaces/-/interfaces-0.29.8.tgz#cff8a35daaf48a3aa2ee6e24041fc02e12f7b9a6"
  dependencies:
    "@glimmer/wire-format" "^0.29.8"

"@glimmer/opcode-compiler@^0.29.8":
  version "0.29.8"
  resolved "https://registry.yarnpkg.com/@glimmer/opcode-compiler/-/opcode-compiler-0.29.8.tgz#6cc8fa4c5b6b41e17b9e55b1b4eb9e77799a0af2"
  dependencies:
    "@glimmer/encoder" "^0.29.8"
    "@glimmer/interfaces" "^0.29.8"
    "@glimmer/program" "^0.29.8"
    "@glimmer/syntax" "^0.29.8"
    "@glimmer/util" "^0.29.8"
    "@glimmer/vm" "^0.29.8"
    "@glimmer/wire-format" "^0.29.8"
    simple-html-tokenizer "^0.4.1"

"@glimmer/program@^0.29.8":
  version "0.29.8"
  resolved "https://registry.yarnpkg.com/@glimmer/program/-/program-0.29.8.tgz#a770f035551af8cd358f7006d7cd19113c23abe9"
  dependencies:
    "@glimmer/encoder" "^0.29.8"
    "@glimmer/interfaces" "^0.29.8"
    "@glimmer/util" "^0.29.8"

"@glimmer/resolution-map-builder@^0.4.0":
  version "0.4.0"
  resolved "https://registry.yarnpkg.com/@glimmer/resolution-map-builder/-/resolution-map-builder-0.4.0.tgz#b999b51ea3046a44b323e7ef3683c22c99807ee3"
  dependencies:
    broccoli-plugin "^1.3.0"
    silent-error "^1.0.1"
    walk-sync "^0.3.1"

"@glimmer/resolver@^0.3.0":
  version "0.3.1"
  resolved "https://registry.yarnpkg.com/@glimmer/resolver/-/resolver-0.3.1.tgz#41069345b6f41beb0948cc35d8e4aa60adcadfc5"
  dependencies:
    "@glimmer/di" "^0.2.0"

"@glimmer/syntax@^0.29.1", "@glimmer/syntax@^0.29.8":
  version "0.29.8"
  resolved "https://registry.yarnpkg.com/@glimmer/syntax/-/syntax-0.29.8.tgz#ada0e17d34fe0c8ce5b60f637e44c707f035d5ba"
  dependencies:
    "@glimmer/interfaces" "^0.29.8"
    "@glimmer/util" "^0.29.8"
    handlebars "^4.0.6"
    simple-html-tokenizer "^0.4.1"

"@glimmer/util@^0.29.8":
  version "0.29.8"
  resolved "https://registry.yarnpkg.com/@glimmer/util/-/util-0.29.8.tgz#371e598b34abc93e0a1618c43842d8bbf3f1d108"

"@glimmer/vm@^0.29.8":
  version "0.29.8"
  resolved "https://registry.yarnpkg.com/@glimmer/vm/-/vm-0.29.8.tgz#9e02ec4db458616a7fe0787fe9390c694b4319d8"
  dependencies:
    "@glimmer/interfaces" "^0.29.8"
    "@glimmer/program" "^0.29.8"
    "@glimmer/util" "^0.29.8"

"@glimmer/wire-format@^0.29.8":
  version "0.29.8"
  resolved "https://registry.yarnpkg.com/@glimmer/wire-format/-/wire-format-0.29.8.tgz#11f5b3c51d0f08cb185705a49647bd7b0ee3073a"
  dependencies:
    "@glimmer/util" "^0.29.8"

align-text@^0.1.1, align-text@^0.1.3:
  version "0.1.4"
  resolved "https://registry.yarnpkg.com/align-text/-/align-text-0.1.4.tgz#0cd90a561093f35d0a99256c22b7069433fad117"
  dependencies:
    kind-of "^3.0.2"
    longest "^1.0.1"
    repeat-string "^1.5.2"

amdefine@>=0.0.4:
  version "1.0.1"
  resolved "https://registry.yarnpkg.com/amdefine/-/amdefine-1.0.1.tgz#4a5282ac164729e93619bcfd3ad151f817ce91f5"

async@^1.4.0:
  version "1.5.2"
  resolved "https://registry.yarnpkg.com/async/-/async-1.5.2.tgz#ec6a61ae56480c0c3cb241c95618e20892f9672a"

balanced-match@^1.0.0:
  version "1.0.0"
  resolved "https://registry.yarnpkg.com/balanced-match/-/balanced-match-1.0.0.tgz#89b4d199ab2bee49de164ea02b89ce462d71b767"

brace-expansion@^1.1.7:
  version "1.1.8"
  resolved "https://registry.yarnpkg.com/brace-expansion/-/brace-expansion-1.1.8.tgz#c07b211c7c952ec1f8efd51a77ef0d1d3990a292"
  dependencies:
    balanced-match "^1.0.0"
    concat-map "0.0.1"

broccoli-plugin@^1.3.0:
  version "1.3.0"
  resolved "https://registry.yarnpkg.com/broccoli-plugin/-/broccoli-plugin-1.3.0.tgz#bee704a8e42da08cb58e513aaa436efb7f0ef1ee"
  dependencies:
    promise-map-series "^0.2.1"
    quick-temp "^0.1.3"
    rimraf "^2.3.4"
    symlink-or-copy "^1.1.8"

camelcase@^1.0.2:
  version "1.2.1"
  resolved "https://registry.yarnpkg.com/camelcase/-/camelcase-1.2.1.tgz#9bb5304d2e0b56698b2c758b08a3eaa9daa58a39"

center-align@^0.1.1:
  version "0.1.3"
  resolved "https://registry.yarnpkg.com/center-align/-/center-align-0.1.3.tgz#aa0d32629b6ee972200411cbd4461c907bc2b7ad"
  dependencies:
    align-text "^0.1.3"
    lazy-cache "^1.0.3"

cliui@^2.1.0:
  version "2.1.0"
  resolved "https://registry.yarnpkg.com/cliui/-/cliui-2.1.0.tgz#4b475760ff80264c762c3a1719032e91c7fea0d1"
  dependencies:
    center-align "^0.1.1"
    right-align "^0.1.1"
    wordwrap "0.0.2"

concat-map@0.0.1:
  version "0.0.1"
  resolved "https://registry.yarnpkg.com/concat-map/-/concat-map-0.0.1.tgz#d8a96bd77fd68df7793a73036a3ba0d5405d477b"

debug@^2.2.0:
  version "2.6.9"
  resolved "https://registry.yarnpkg.com/debug/-/debug-2.6.9.tgz#5d128515df134ff327e90a4c93f4e077a536341f"
  dependencies:
    ms "2.0.0"

debug@^3.1.0:
  version "3.1.0"
  resolved "https://registry.yarnpkg.com/debug/-/debug-3.1.0.tgz#5bb5a0672628b64149566ba16819e61518c67261"
  dependencies:
    ms "2.0.0"

decamelize@^1.0.0:
  version "1.2.0"
  resolved "https://registry.yarnpkg.com/decamelize/-/decamelize-1.2.0.tgz#f6534d15148269b20352e7bee26f501f9a191290"

ensure-posix-path@^1.0.0:
  version "1.0.2"
  resolved "https://registry.yarnpkg.com/ensure-posix-path/-/ensure-posix-path-1.0.2.tgz#a65b3e42d0b71cfc585eb774f9943c8d9b91b0c2"

fs.realpath@^1.0.0:
  version "1.0.0"
  resolved "https://registry.yarnpkg.com/fs.realpath/-/fs.realpath-1.0.0.tgz#1504ad2523158caa40db4a2787cb01411994ea4f"

glimmer-analyzer@^0.3.2:
  version "0.3.2"
  resolved "https://registry.yarnpkg.com/glimmer-analyzer/-/glimmer-analyzer-0.3.2.tgz#801f051db5943e529c60cb483c4f78e35623e395"
  dependencies:
    "@glimmer/resolution-map-builder" "^0.4.0"
    "@glimmer/resolver" "^0.3.0"
    "@glimmer/syntax" "^0.29.1"
    debug "^3.1.0"
    simple-html-tokenizer "^0.4.1"

glob@^7.0.5:
  version "7.1.2"
  resolved "https://registry.yarnpkg.com/glob/-/glob-7.1.2.tgz#c19c9df9a028702d678612384a6552404c636d15"
  dependencies:
    fs.realpath "^1.0.0"
    inflight "^1.0.4"
    inherits "2"
    minimatch "^3.0.4"
    once "^1.3.0"
    path-is-absolute "^1.0.0"

handlebars@^4.0.6:
  version "4.0.10"
  resolved "https://registry.yarnpkg.com/handlebars/-/handlebars-4.0.10.tgz#3d30c718b09a3d96f23ea4cc1f403c4d3ba9ff4f"
  dependencies:
    async "^1.4.0"
    optimist "^0.6.1"
    source-map "^0.4.4"
  optionalDependencies:
    uglify-js "^2.6"

inflight@^1.0.4:
  version "1.0.6"
  resolved "https://registry.yarnpkg.com/inflight/-/inflight-1.0.6.tgz#49bd6331d7d02d0c09bc910a1075ba8165b56df9"
  dependencies:
    once "^1.3.0"
    wrappy "1"

inherits@2:
  version "2.0.3"
  resolved "https://registry.yarnpkg.com/inherits/-/inherits-2.0.3.tgz#633c2c83e3da42a502f52466022480f4208261de"

is-buffer@^1.1.5:
  version "1.1.5"
  resolved "https://registry.yarnpkg.com/is-buffer/-/is-buffer-1.1.5.tgz#1f3b26ef613b214b88cbca23cc6c01d87961eecc"

kind-of@^3.0.2:
  version "3.2.2"
  resolved "https://registry.yarnpkg.com/kind-of/-/kind-of-3.2.2.tgz#31ea21a734bab9bbb0f32466d893aea51e4a3c64"
  dependencies:
    is-buffer "^1.1.5"

lazy-cache@^1.0.3:
  version "1.0.4"
  resolved "https://registry.yarnpkg.com/lazy-cache/-/lazy-cache-1.0.4.tgz#a1d78fc3a50474cb80845d3b3b6e1da49a446e8e"

longest@^1.0.1:
  version "1.0.1"
  resolved "https://registry.yarnpkg.com/longest/-/longest-1.0.1.tgz#30a0b2da38f73770e8294a0d22e6625ed77d0097"

matcher-collection@^1.0.0:
  version "1.0.5"
  resolved "https://registry.yarnpkg.com/matcher-collection/-/matcher-collection-1.0.5.tgz#2ee095438372cb8884f058234138c05c644ec339"
  dependencies:
    minimatch "^3.0.2"

minimatch@^3.0.2, minimatch@^3.0.4:
  version "3.0.4"
  resolved "https://registry.yarnpkg.com/minimatch/-/minimatch-3.0.4.tgz#5166e286457f03306064be5497e8dbb0c3d32083"
  dependencies:
    brace-expansion "^1.1.7"

minimist@~0.0.1:
  version "0.0.10"
  resolved "https://registry.yarnpkg.com/minimist/-/minimist-0.0.10.tgz#de3f98543dbf96082be48ad1a0c7cda836301dcf"

mktemp@~0.4.0:
  version "0.4.0"
  resolved "https://registry.yarnpkg.com/mktemp/-/mktemp-0.4.0.tgz#6d0515611c8a8c84e484aa2000129b98e981ff0b"

ms@2.0.0:
  version "2.0.0"
  resolved "https://registry.yarnpkg.com/ms/-/ms-2.0.0.tgz#5608aeadfc00be6c2901df5f9861788de0d597c8"

once@^1.3.0:
  version "1.4.0"
  resolved "https://registry.yarnpkg.com/once/-/once-1.4.0.tgz#583b1aa775961d4b113ac17d9c50baef9dd76bd1"
  dependencies:
    wrappy "1"

optimist@^0.6.1:
  version "0.6.1"
  resolved "https://registry.yarnpkg.com/optimist/-/optimist-0.6.1.tgz#da3ea74686fa21a19a111c326e90eb15a0196686"
  dependencies:
    minimist "~0.0.1"
    wordwrap "~0.0.2"

path-is-absolute@^1.0.0:
  version "1.0.1"
  resolved "https://registry.yarnpkg.com/path-is-absolute/-/path-is-absolute-1.0.1.tgz#174b9268735534ffbc7ace6bf53a5a9e1b5c5f5f"

path-parse@^1.0.5:
  version "1.0.5"
  resolved "https://registry.yarnpkg.com/path-parse/-/path-parse-1.0.5.tgz#3c1adf871ea9cd6c9431b6ea2bd74a0ff055c4c1"

promise-map-series@^0.2.1:
  version "0.2.3"
  resolved "https://registry.yarnpkg.com/promise-map-series/-/promise-map-series-0.2.3.tgz#c2d377afc93253f6bd03dbb77755eb88ab20a847"
  dependencies:
    rsvp "^3.0.14"

quick-temp@^0.1.3:
  version "0.1.8"
  resolved "https://registry.yarnpkg.com/quick-temp/-/quick-temp-0.1.8.tgz#bab02a242ab8fb0dd758a3c9776b32f9a5d94408"
  dependencies:
    mktemp "~0.4.0"
    rimraf "^2.5.4"
    underscore.string "~3.3.4"

repeat-string@^1.5.2:
  version "1.6.1"
  resolved "https://registry.yarnpkg.com/repeat-string/-/repeat-string-1.6.1.tgz#8dcae470e1c88abc2d600fff4a776286da75e637"

resolve@^1.4.0:
  version "1.4.0"
  resolved "https://registry.yarnpkg.com/resolve/-/resolve-1.4.0.tgz#a75be01c53da25d934a98ebd0e4c4a7312f92a86"
  dependencies:
    path-parse "^1.0.5"

right-align@^0.1.1:
  version "0.1.3"
  resolved "https://registry.yarnpkg.com/right-align/-/right-align-0.1.3.tgz#61339b722fe6a3515689210d24e14c96148613ef"
  dependencies:
    align-text "^0.1.1"

rimraf@^2.3.4, rimraf@^2.5.4:
  version "2.6.2"
  resolved "https://registry.yarnpkg.com/rimraf/-/rimraf-2.6.2.tgz#2ed8150d24a16ea8651e6d6ef0f47c4158ce7a36"
  dependencies:
    glob "^7.0.5"

rsvp@^3.0.14:
  version "3.6.2"
  resolved "https://registry.yarnpkg.com/rsvp/-/rsvp-3.6.2.tgz#2e96491599a96cde1b515d5674a8f7a91452926a"

silent-error@^1.0.1:
  version "1.1.0"
  resolved "https://registry.yarnpkg.com/silent-error/-/silent-error-1.1.0.tgz#2209706f1c850a9f1d10d0d840918b46f26e1bc9"
  dependencies:
    debug "^2.2.0"

simple-html-tokenizer@^0.4.1:
  version "0.4.2"
  resolved "https://registry.yarnpkg.com/simple-html-tokenizer/-/simple-html-tokenizer-0.4.2.tgz#ed0a4be3d876d909a95faf901e6194e4b7504c2a"

source-map@^0.4.4:
  version "0.4.4"
  resolved "https://registry.yarnpkg.com/source-map/-/source-map-0.4.4.tgz#eba4f5da9c0dc999de68032d8b4f76173652036b"
  dependencies:
    amdefine ">=0.0.4"

source-map@~0.5.1:
  version "0.5.7"
  resolved "https://registry.yarnpkg.com/source-map/-/source-map-0.5.7.tgz#8a039d2d1021d22d1ea14c80d8ea468ba2ef3fcc"

sprintf-js@^1.0.3:
  version "1.1.1"
  resolved "https://registry.yarnpkg.com/sprintf-js/-/sprintf-js-1.1.1.tgz#36be78320afe5801f6cea3ee78b6e5aab940ea0c"

symlink-or-copy@^1.1.8:
  version "1.1.8"
  resolved "https://registry.yarnpkg.com/symlink-or-copy/-/symlink-or-copy-1.1.8.tgz#cabe61e0010c1c023c173b25ee5108b37f4b4aa3"

uglify-js@^2.6:
  version "2.8.29"
  resolved "https://registry.yarnpkg.com/uglify-js/-/uglify-js-2.8.29.tgz#29c5733148057bb4e1f75df35b7a9cb72e6a59dd"
  dependencies:
    source-map "~0.5.1"
    yargs "~3.10.0"
  optionalDependencies:
    uglify-to-browserify "~1.0.0"

uglify-to-browserify@~1.0.0:
  version "1.0.2"
  resolved "https://registry.yarnpkg.com/uglify-to-browserify/-/uglify-to-browserify-1.0.2.tgz#6e0924d6bda6b5afe349e39a6d632850a0f882b7"

underscore.string@~3.3.4:
  version "3.3.4"
  resolved "https://registry.yarnpkg.com/underscore.string/-/underscore.string-3.3.4.tgz#2c2a3f9f83e64762fdc45e6ceac65142864213db"
  dependencies:
    sprintf-js "^1.0.3"
    util-deprecate "^1.0.2"

util-deprecate@^1.0.2:
  version "1.0.2"
  resolved "https://registry.yarnpkg.com/util-deprecate/-/util-deprecate-1.0.2.tgz#450d4dc9fa70de732762fbd2d4a28981419a0ccf"

walk-sync@^0.3.1:
  version "0.3.2"
  resolved "https://registry.yarnpkg.com/walk-sync/-/walk-sync-0.3.2.tgz#4827280afc42d0e035367c4a4e31eeac0d136f75"
  dependencies:
    ensure-posix-path "^1.0.0"
    matcher-collection "^1.0.0"

window-size@0.1.0:
  version "0.1.0"
  resolved "https://registry.yarnpkg.com/window-size/-/window-size-0.1.0.tgz#5438cd2ea93b202efa3a19fe8887aee7c94f9c9d"

wordwrap@0.0.2:
  version "0.0.2"
  resolved "https://registry.yarnpkg.com/wordwrap/-/wordwrap-0.0.2.tgz#b79669bb42ecb409f83d583cad52ca17eaa1643f"

wordwrap@~0.0.2:
  version "0.0.3"
  resolved "https://registry.yarnpkg.com/wordwrap/-/wordwrap-0.0.3.tgz#a3d5da6cd5c0bc0008d37234bbaf1bed63059107"

wrappy@1:
  version "1.0.2"
  resolved "https://registry.yarnpkg.com/wrappy/-/wrappy-1.0.2.tgz#b5243d8f3ec1aa35f1364605bc0d1036e30ab69f"

yargs@~3.10.0:
  version "3.10.0"
  resolved "https://registry.yarnpkg.com/yargs/-/yargs-3.10.0.tgz#f7ee7bd857dd7c1d2d38c0e74efbd681d1431fd1"
  dependencies:
    camelcase "^1.0.2"
    cliui "^2.1.0"
    decamelize "^1.0.0"
    window-size "0.1.0"
