# THIS IS AN AUTOGENERATED FILE. DO NOT EDIT THIS FILE DIRECTLY.
# yarn lockfile v1


debug@^2.2.0:
  version "2.6.3"
  resolved "https://registry.yarnpkg.com/debug/-/debug-2.6.3.tgz#0f7eb8c30965ec08c72accfa0130c8b79984141d"
  dependencies:
    ms "0.7.2"

ember-cli-string-utils@^1.1.0:
  version "1.1.0"
  resolved "https://registry.yarnpkg.com/ember-cli-string-utils/-/ember-cli-string-utils-1.1.0.tgz#39b677fc2805f55173735376fcef278eaa4452a1"

ember-cli-valid-component-name@^1.0.0:
  version "1.0.0"
  resolved "https://registry.yarnpkg.com/ember-cli-valid-component-name/-/ember-cli-valid-component-name-1.0.0.tgz#71550ce387e0233065f30b30b1510aa2dfbe87ef"
  dependencies:
    silent-error "^1.0.0"

ms@0.7.2:
  version "0.7.2"
  resolved "https://registry.yarnpkg.com/ms/-/ms-0.7.2.tgz#ae25cf2512b3885a1d95d7f037868d8431124765"

silent-error@^1.0.0:
  version "1.0.1"
  resolved "https://registry.yarnpkg.com/silent-error/-/silent-error-1.0.1.tgz#71b7d503d1c6f94882b51b56be879b113cb4822c"
  dependencies:
    debug "^2.2.0"
